// !$*UTF8*$!
{
	archiveVersion = 1;
	classes = {
	};
	objectVersion = 77;
	objects = {

/* Begin PBXBuildFile section */
		A187B53A2DCA485600EECDD6 /* GoogleGenerativeAI in Frameworks */ = {isa = PBXBuildFile; productRef = A187B5392DCA485600EECDD6 /* GoogleGenerativeAI */; };
/* End PBXBuildFile section */

/* Begin PBXContainerItemProxy section */
		A1E4D3AA2D94EFEB005839B6 /* PBXContainerItemProxy */ = {
			isa = PBXContainerItemProxy;
			containerPortal = A1E4D3912D94EFEA005839B6 /* Project object */;
			proxyType = 1;
			remoteGlobalIDString = A1E4D3982D94EFEA005839B6;
			remoteInfo = AR;
		};
		A1E4D3B42D94EFEB005839B6 /* PBXContainerItemProxy */ = {
			isa = PBXContainerItemProxy;
			containerPortal = A1E4D3912D94EFEA005839B6 /* Project object */;
			proxyType = 1;
			remoteGlobalIDString = A1E4D3982D94EFEA005839B6;
			remoteInfo = AR;
		};
/* End PBXContainerItemProxy section */

/* Begin PBXFileReference section */
		A1E4D3992D94EFEA005839B6 /* AR.app */ = {isa = PBXFileReference; explicitFileType = wrapper.application; includeInIndex = 0; path = AR.app; sourceTree = BUILT_PRODUCTS_DIR; };
		A1E4D3A92D94EFEB005839B6 /* ARTests.xctest */ = {isa = PBXFileReference; explicitFileType = wrapper.cfbundle; includeInIndex = 0; path = ARTests.xctest; sourceTree = BUILT_PRODUCTS_DIR; };
		A1E4D3B32D94EFEB005839B6 /* ARUITests.xctest */ = {isa = PBXFileReference; explicitFileType = wrapper.cfbundle; includeInIndex = 0; path = ARUITests.xctest; sourceTree = BUILT_PRODUCTS_DIR; };
/* End PBXFileReference section */

/* Begin PBXFileSystemSynchronizedBuildFileExceptionSet section */
		A168947C2DA4306300EF373B /* Exceptions for "ARUITests" folder in "AR" target */ = {
			isa = PBXFileSystemSynchronizedBuildFileExceptionSet;
			membershipExceptions = (
				PotDetector.mlmodel,
			);
			target = A1E4D3982D94EFEA005839B6 /* AR */;
		};
		A168947D2DA4306300EF373B /* Exceptions for "ARUITests" folder in "ARUITests" target */ = {
			isa = PBXFileSystemSynchronizedBuildFileExceptionSet;
			membershipExceptions = (
				PotDetector.mlmodel,
			);
			target = A1E4D3B22D94EFEB005839B6 /* ARUITests */;
		};
		A187B5372DCA464100EECDD6 /* Exceptions for "AR" folder in "AR" target */ = {
			isa = PBXFileSystemSynchronizedBuildFileExceptionSet;
			membershipExceptions = (
				Info.plist,
			);
			target = A1E4D3982D94EFEA005839B6 /* AR */;
		};
/* End PBXFileSystemSynchronizedBuildFileExceptionSet section */

/* Begin PBXFileSystemSynchronizedRootGroup section */
		A1E4D39B2D94EFEA005839B6 /* AR */ = {
			isa = PBXFileSystemSynchronizedRootGroup;
			exceptions = (
				A187B5372DCA464100EECDD6 /* Exceptions for "AR" folder in "AR" target */,
			);
			path = AR;
			sourceTree = "<group>";
		};
		A1E4D3AC2D94EFEB005839B6 /* ARTests */ = {
			isa = PBXFileSystemSynchronizedRootGroup;
			path = ARTests;
			sourceTree = "<group>";
		};
		A1E4D3B62D94EFEB005839B6 /* ARUITests */ = {
			isa = PBXFileSystemSynchronizedRootGroup;
			exceptions = (
				A168947C2DA4306300EF373B /* Exceptions for "ARUITests" folder in "AR" target */,
				A168947D2DA4306300EF373B /* Exceptions for "ARUITests" folder in "ARUITests" target */,
			);
			path = ARUITests;
			sourceTree = "<group>";
		};
/* End PBXFileSystemSynchronizedRootGroup section */

/* Begin PBXFrameworksBuildPhase section */
		A1E4D3962D94EFEA005839B6 /* Frameworks */ = {
			isa = PBXFrameworksBuildPhase;
			buildActionMask = 2147483647;
			files = (
				A187B53A2DCA485600EECDD6 /* GoogleGenerativeAI in Frameworks */,
			);
			runOnlyForDeploymentPostprocessing = 0;
		};
		A1E4D3A62D94EFEB005839B6 /* Frameworks */ = {
			isa = PBXFrameworksBuildPhase;
			buildActionMask = 2147483647;
			files = (
			);
			runOnlyForDeploymentPostprocessing = 0;
		};
		A1E4D3B02D94EFEB005839B6 /* Frameworks */ = {
			isa = PBXFrameworksBuildPhase;
			buildActionMask = 2147483647;
			files = (
			);
			runOnlyForDeploymentPostprocessing = 0;
		};
/* End PBXFrameworksBuildPhase section */

/* Begin PBXGroup section */
		A1E4D3902D94EFEA005839B6 = {
			isa = PBXGroup;
			children = (
				A1E4D39B2D94EFEA005839B6 /* AR */,
				A1E4D3AC2D94EFEB005839B6 /* ARTests */,
				A1E4D3B62D94EFEB005839B6 /* ARUITests */,
				A1E4D39A2D94EFEA005839B6 /* Products */,
			);
			sourceTree = "<group>";
		};
		A1E4D39A2D94EFEA005839B6 /* Products */ = {
			isa = PBXGroup;
			children = (
				A1E4D3992D94EFEA005839B6 /* AR.app */,
				A1E4D3A92D94EFEB005839B6 /* ARTests.xctest */,
				A1E4D3B32D94EFEB005839B6 /* ARUITests.xctest */,
			);
			name = Products;
			sourceTree = "<group>";
		};
/* End PBXGroup section */

/* Begin PBXNativeTarget section */
		A1E4D3982D94EFEA005839B6 /* AR */ = {
			isa = PBXNativeTarget;
			buildConfigurationList = A1E4D3BD2D94EFEB005839B6 /* Build configuration list for PBXNativeTarget "AR" */;
			buildPhases = (
				A1E4D3952D94EFEA005839B6 /* Sources */,
				A1E4D3962D94EFEA005839B6 /* Frameworks */,
				A1E4D3972D94EFEA005839B6 /* Resources */,
			);
			buildRules = (
			);
			dependencies = (
			);
			fileSystemSynchronizedGroups = (
				A1E4D39B2D94EFEA005839B6 /* AR */,
			);
			name = AR;
			packageProductDependencies = (
				A187B5392DCA485600EECDD6 /* GoogleGenerativeAI */,
			);
			productName = AR;
			productReference = A1E4D3992D94EFEA005839B6 /* AR.app */;
			productType = "com.apple.product-type.application";
		};
		A1E4D3A82D94EFEB005839B6 /* ARTests */ = {
			isa = PBXNativeTarget;
			buildConfigurationList = A1E4D3C02D94EFEB005839B6 /* Build configuration list for PBXNativeTarget "ARTests" */;
			buildPhases = (
				A1E4D3A52D94EFEB005839B6 /* Sources */,
				A1E4D3A62D94EFEB005839B6 /* Frameworks */,
				A1E4D3A72D94EFEB005839B6 /* Resources */,
			);
			buildRules = (
			);
			dependencies = (
				A1E4D3AB2D94EFEB005839B6 /* PBXTargetDependency */,
			);
			fileSystemSynchronizedGroups = (
				A1E4D3AC2D94EFEB005839B6 /* ARTests */,
			);
			name = ARTests;
			packageProductDependencies = (
			);
			productName = ARTests;
			productReference = A1E4D3A92D94EFEB005839B6 /* ARTests.xctest */;
			productType = "com.apple.product-type.bundle.unit-test";
		};
		A1E4D3B22D94EFEB005839B6 /* ARUITests */ = {
			isa = PBXNativeTarget;
			buildConfigurationList = A1E4D3C32D94EFEB005839B6 /* Build configuration list for PBXNativeTarget "ARUITests" */;
			buildPhases = (
				A1E4D3AF2D94EFEB005839B6 /* Sources */,
				A1E4D3B02D94EFEB005839B6 /* Frameworks */,
				A1E4D3B12D94EFEB005839B6 /* Resources */,
			);
			buildRules = (
			);
			dependencies = (
				A1E4D3B52D94EFEB005839B6 /* PBXTargetDependency */,
			);
			fileSystemSynchronizedGroups = (
				A1E4D3B62D94EFEB005839B6 /* ARUITests */,
			);
			name = ARUITests;
			packageProductDependencies = (
			);
			productName = ARUITests;
			productReference = A1E4D3B32D94EFEB005839B6 /* ARUITests.xctest */;
			productType = "com.apple.product-type.bundle.ui-testing";
		};
/* End PBXNativeTarget section */

/* Begin PBXProject section */
		A1E4D3912D94EFEA005839B6 /* Project object */ = {
			isa = PBXProject;
			attributes = {
				BuildIndependentTargetsInParallel = 1;
				LastSwiftUpdateCheck = 1620;
				LastUpgradeCheck = 1630;
				TargetAttributes = {
					A1E4D3982D94EFEA005839B6 = {
						CreatedOnToolsVersion = 16.2;
					};
					A1E4D3A82D94EFEB005839B6 = {
						CreatedOnToolsVersion = 16.2;
						TestTargetID = A1E4D3982D94EFEA005839B6;
					};
					A1E4D3B22D94EFEB005839B6 = {
						CreatedOnToolsVersion = 16.2;
						TestTargetID = A1E4D3982D94EFEA005839B6;
					};
				};
			};
			buildConfigurationList = A1E4D3942D94EFEA005839B6 /* Build configuration list for PBXProject "AR" */;
			developmentRegion = en;
			hasScannedForEncodings = 0;
			knownRegions = (
				en,
				Base,
			);
			mainGroup = A1E4D3902D94EFEA005839B6;
			minimizedProjectReferenceProxies = 1;
			packageReferences = (
				A187B5382DCA468500EECDD6 /* XCRemoteSwiftPackageReference "generative-ai-swift" */,
			);
			preferredProjectObjectVersion = 77;
			productRefGroup = A1E4D39A2D94EFEA005839B6 /* Products */;
			projectDirPath = "";
			projectRoot = "";
			targets = (
				A1E4D3982D94EFEA005839B6 /* AR */,
				A1E4D3A82D94EFEB005839B6 /* ARTests */,
				A1E4D3B22D94EFEB005839B6 /* ARUITests */,
			);
		};
/* End PBXProject section */

/* Begin PBXResourcesBuildPhase section */
		A1E4D3972D94EFEA005839B6 /* Resources */ = {
			isa = PBXResourcesBuildPhase;
			buildActionMask = 2147483647;
			files = (
			);
			runOnlyForDeploymentPostprocessing = 0;
		};
		A1E4D3A72D94EFEB005839B6 /* Resources */ = {
			isa = PBXResourcesBuildPhase;
			buildActionMask = 2147483647;
			files = (
			);
			runOnlyForDeploymentPostprocessing = 0;
		};
		A1E4D3B12D94EFEB005839B6 /* Resources */ = {
			isa = PBXResourcesBuildPhase;
			buildActionMask = 2147483647;
			files = (
			);
			runOnlyForDeploymentPostprocessing = 0;
		};
/* End PBXResourcesBuildPhase section */

/* Begin PBXSourcesBuildPhase section */
		A1E4D3952D94EFEA005839B6 /* Sources */ = {
			isa = PBXSourcesBuildPhase;
			buildActionMask = 2147483647;
			files = (
			);
			runOnlyForDeploymentPostprocessing = 0;
		};
		A1E4D3A52D94EFEB005839B6 /* Sources */ = {
			isa = PBXSourcesBuildPhase;
			buildActionMask = 2147483647;
			files = (
			);
			runOnlyForDeploymentPostprocessing = 0;
		};
		A1E4D3AF2D94EFEB005839B6 /* Sources */ = {
			isa = PBXSourcesBuildPhase;
			buildActionMask = 2147483647;
			files = (
			);
			runOnlyForDeploymentPostprocessing = 0;
		};
/* End PBXSourcesBuildPhase section */

/* Begin PBXTargetDependency section */
		A1E4D3AB2D94EFEB005839B6 /* PBXTargetDependency */ = {
			isa = PBXTargetDependency;
			target = A1E4D3982D94EFEA005839B6 /* AR */;
			targetProxy = A1E4D3AA2D94EFEB005839B6 /* PBXContainerItemProxy */;
		};
		A1E4D3B52D94EFEB005839B6 /* PBXTargetDependency */ = {
			isa = PBXTargetDependency;
			target = A1E4D3982D94EFEA005839B6 /* AR */;
			targetProxy = A1E4D3B42D94EFEB005839B6 /* PBXContainerItemProxy */;
		};
/* End PBXTargetDependency section */

/* Begin XCBuildConfiguration section */
		A1E4D3BB2D94EFEB005839B6 /* Debug */ = {
			isa = XCBuildConfiguration;
			buildSettings = {
				ALWAYS_SEARCH_USER_PATHS = NO;
				ASSETCATALOG_COMPILER_GENERATE_SWIFT_ASSET_SYMBOL_EXTENSIONS = YES;
				CLANG_ANALYZER_NONNULL = YES;
				CLANG_ANALYZER_NUMBER_OBJECT_CONVERSION = YES_AGGRESSIVE;
				CLANG_CXX_LANGUAGE_STANDARD = "gnu++20";
				CLANG_ENABLE_MODULES = YES;
				CLANG_ENABLE_OBJC_ARC = YES;
				CLANG_ENABLE_OBJC_WEAK = YES;
				CLANG_WARN_BLOCK_CAPTURE_AUTORELEASING = YES;
				CLANG_WARN_BOOL_CONVERSION = YES;
				CLANG_WARN_COMMA = YES;
				CLANG_WARN_CONSTANT_CONVERSION = YES;
				CLANG_WARN_DEPRECATED_OBJC_IMPLEMENTATIONS = YES;
				CLANG_WARN_DIRECT_OBJC_ISA_USAGE = YES_ERROR;
				CLANG_WARN_DOCUMENTATION_COMMENTS = YES;
				CLANG_WARN_EMPTY_BODY = YES;
				CLANG_WARN_ENUM_CONVERSION = YES;
				CLANG_WARN_INFINITE_RECURSION = YES;
				CLANG_WARN_INT_CONVERSION = YES;
				CLANG_WARN_NON_LITERAL_NULL_CONVERSION = YES;
				CLANG_WARN_OBJC_IMPLICIT_RETAIN_SELF = YES;
				CLANG_WARN_OBJC_LITERAL_CONVERSION = YES;
				CLANG_WARN_OBJC_ROOT_CLASS = YES_ERROR;
				CLANG_WARN_QUOTED_INCLUDE_IN_FRAMEWORK_HEADER = YES;
				CLANG_WARN_RANGE_LOOP_ANALYSIS = YES;
				CLANG_WARN_STRICT_PROTOTYPES = YES;
				CLANG_WARN_SUSPICIOUS_MOVE = YES;
				CLANG_WARN_UNGUARDED_AVAILABILITY = YES_AGGRESSIVE;
				CLANG_WARN_UNREACHABLE_CODE = YES;
				CLANG_WARN__DUPLICATE_METHOD_MATCH = YES;
				COPY_PHASE_STRIP = NO;
				DEBUG_INFORMATION_FORMAT = dwarf;
				DEVELOPMENT_TEAM = NS9C26NG58;
				ENABLE_STRICT_OBJC_MSGSEND = YES;
				ENABLE_TESTABILITY = YES;
				ENABLE_USER_SCRIPT_SANDBOXING = YES;
				GCC_C_LANGUAGE_STANDARD = gnu17;
				GCC_DYNAMIC_NO_PIC = NO;
				GCC_NO_COMMON_BLOCKS = YES;
				GCC_OPTIMIZATION_LEVEL = 0;
				GCC_PREPROCESSOR_DEFINITIONS = (
					"DEBUG=1",
					"$(inherited)",
				);
				GCC_WARN_64_TO_32_BIT_CONVERSION = YES;
				GCC_WARN_ABOUT_RETURN_TYPE = YES_ERROR;
				GCC_WARN_UNDECLARED_SELECTOR = YES;
				GCC_WARN_UNINITIALIZED_AUTOS = YES_AGGRESSIVE;
				GCC_WARN_UNUSED_FUNCTION = YES;
				GCC_WARN_UNUSED_VARIABLE = YES;
				IPHONEOS_DEPLOYMENT_TARGET = 18.2;
				LOCALIZATION_PREFERS_STRING_CATALOGS = YES;
				MTL_ENABLE_DEBUG_INFO = INCLUDE_SOURCE;
				MTL_FAST_MATH = YES;
				ONLY_ACTIVE_ARCH = YES;
				SDKROOT = iphoneos;
				SWIFT_ACTIVE_COMPILATION_CONDITIONS = "DEBUG $(inherited)";
				SWIFT_OPTIMIZATION_LEVEL = "-Onone";
			};
			name = Debug;
		};
		A1E4D3BC2D94EFEB005839B6 /* Release */ = {
			isa = XCBuildConfiguration;
			buildSettings = {
				ALWAYS_SEARCH_USER_PATHS = NO;
				ASSETCATALOG_COMPILER_GENERATE_SWIFT_ASSET_SYMBOL_EXTENSIONS = YES;
				CLANG_ANALYZER_NONNULL = YES;
				CLANG_ANALYZER_NUMBER_OBJECT_CONVERSION = YES_AGGRESSIVE;
				CLANG_CXX_LANGUAGE_STANDARD = "gnu++20";
				CLANG_ENABLE_MODULES = YES;
				CLANG_ENABLE_OBJC_ARC = YES;
				CLANG_ENABLE_OBJC_WEAK = YES;
				CLANG_WARN_BLOCK_CAPTURE_AUTORELEASING = YES;
				CLANG_WARN_BOOL_CONVERSION = YES;
				CLANG_WARN_COMMA = YES;
				CLANG_WARN_CONSTANT_CONVERSION = YES;
				CLANG_WARN_DEPRECATED_OBJC_IMPLEMENTATIONS = YES;
				CLANG_WARN_DIRECT_OBJC_ISA_USAGE = YES_ERROR;
				CLANG_WARN_DOCUMENTATION_COMMENTS = YES;
				CLANG_WARN_EMPTY_BODY = YES;
				CLANG_WARN_ENUM_CONVERSION = YES;
				CLANG_WARN_INFINITE_RECURSION = YES;
				CLANG_WARN_INT_CONVERSION = YES;
				CLANG_WARN_NON_LITERAL_NULL_CONVERSION = YES;
				CLANG_WARN_OBJC_IMPLICIT_RETAIN_SELF = YES;
				CLANG_WARN_OBJC_LITERAL_CONVERSION = YES;
				CLANG_WARN_OBJC_ROOT_CLASS = YES_ERROR;
				CLANG_WARN_QUOTED_INCLUDE_IN_FRAMEWORK_HEADER = YES;
				CLANG_WARN_RANGE_LOOP_ANALYSIS = YES;
				CLANG_WARN_STRICT_PROTOTYPES = YES;
				CLANG_WARN_SUSPICIOUS_MOVE = YES;
				CLANG_WARN_UNGUARDED_AVAILABILITY = YES_AGGRESSIVE;
				CLANG_WARN_UNREACHABLE_CODE = YES;
				CLANG_WARN__DUPLICATE_METHOD_MATCH = YES;
				COPY_PHASE_STRIP = NO;
				DEBUG_INFORMATION_FORMAT = "dwarf-with-dsym";
				DEVELOPMENT_TEAM = NS9C26NG58;
				ENABLE_NS_ASSERTIONS = NO;
				ENABLE_STRICT_OBJC_MSGSEND = YES;
				ENABLE_USER_SCRIPT_SANDBOXING = YES;
				GCC_C_LANGUAGE_STANDARD = gnu17;
				GCC_NO_COMMON_BLOCKS = YES;
				GCC_WARN_64_TO_32_BIT_CONVERSION = YES;
				GCC_WARN_ABOUT_RETURN_TYPE = YES_ERROR;
				GCC_WARN_UNDECLARED_SELECTOR = YES;
				GCC_WARN_UNINITIALIZED_AUTOS = YES_AGGRESSIVE;
				GCC_WARN_UNUSED_FUNCTION = YES;
				GCC_WARN_UNUSED_VARIABLE = YES;
				IPHONEOS_DEPLOYMENT_TARGET = 18.2;
				LOCALIZATION_PREFERS_STRING_CATALOGS = YES;
				MTL_ENABLE_DEBUG_INFO = NO;
				MTL_FAST_MATH = YES;
				SDKROOT = iphoneos;
				SWIFT_COMPILATION_MODE = wholemodule;
				VALIDATE_PRODUCT = YES;
			};
			name = Release;
		};
		A1E4D3BE2D94EFEB005839B6 /* Debug */ = {
			isa = XCBuildConfiguration;
			buildSettings = {
				ASSETCATALOG_COMPILER_APPICON_NAME = AppIcon;
				ASSETCATALOG_COMPILER_GLOBAL_ACCENT_COLOR_NAME = AccentColor;
				CODE_SIGN_STYLE = Automatic;
				CURRENT_PROJECT_VERSION = 1;
				DEVELOPMENT_ASSET_PATHS = "\"AR/Preview Content\"";
				ENABLE_PREVIEWS = YES;
				GENERATE_INFOPLIST_FILE = YES;
				INFOPLIST_FILE = AR/Info.plist;
				INFOPLIST_KEY_NSCameraUsageDescription = "需要使用相機來顯示 AR 內容";
				INFOPLIST_KEY_UIApplicationSupportsIndirectInputEvents = YES;
				INFOPLIST_KEY_UILaunchScreen_Generation = YES;
				INFOPLIST_KEY_UIRequiredDeviceCapabilities = arkit;
				INFOPLIST_KEY_UIStatusBarHidden = YES;
				INFOPLIST_KEY_UISupportedInterfaceOrientations_iPad = "UIInterfaceOrientationPortrait UIInterfaceOrientationPortraitUpsideDown UIInterfaceOrientationLandscapeLeft UIInterfaceOrientationLandscapeRight";
				INFOPLIST_KEY_UISupportedInterfaceOrientations_iPhone = "UIInterfaceOrientationPortrait UIInterfaceOrientationLandscapeLeft UIInterfaceOrientationLandscapeRight";
				LD_RUNPATH_SEARCH_PATHS = (
					"$(inherited)",
					"@executable_path/Frameworks",
				);
				MARKETING_VERSION = 1.0;
				PRODUCT_BUNDLE_IDENTIFIER = ntut.AR;
				PRODUCT_NAME = "$(TARGET_NAME)";
				SWIFT_EMIT_LOC_STRINGS = YES;
				SWIFT_VERSION = 5.0;
				TARGETED_DEVICE_FAMILY = "1,2";
			};
			name = Debug;
		};
		A1E4D3BF2D94EFEB005839B6 /* Release */ = {
			isa = XCBuildConfiguration;
			buildSettings = {
				ASSETCATALOG_COMPILER_APPICON_NAME = AppIcon;
				ASSETCATALOG_COMPILER_GLOBAL_ACCENT_COLOR_NAME = AccentColor;
				CODE_SIGN_STYLE = Automatic;
				CURRENT_PROJECT_VERSION = 1;
				DEVELOPMENT_ASSET_PATHS = "\"AR/Preview Content\"";
				ENABLE_PREVIEWS = YES;
				GENERATE_INFOPLIST_FILE = YES;
				INFOPLIST_FILE = AR/Info.plist;
				INFOPLIST_KEY_NSCameraUsageDescription = "需要使用相機來顯示 AR 內容";
				INFOPLIST_KEY_UIApplicationSupportsIndirectInputEvents = YES;
				INFOPLIST_KEY_UILaunchScreen_Generation = YES;
				INFOPLIST_KEY_UIRequiredDeviceCapabilities = arkit;
				INFOPLIST_KEY_UIStatusBarHidden = YES;
				INFOPLIST_KEY_UISupportedInterfaceOrientations_iPad = "UIInterfaceOrientationPortrait UIInterfaceOrientationPortraitUpsideDown UIInterfaceOrientationLandscapeLeft UIInterfaceOrientationLandscapeRight";
				INFOPLIST_KEY_UISupportedInterfaceOrientations_iPhone = "UIInterfaceOrientationPortrait UIInterfaceOrientationLandscapeLeft UIInterfaceOrientationLandscapeRight";
				LD_RUNPATH_SEARCH_PATHS = (
					"$(inherited)",
					"@executable_path/Frameworks",
				);
				MARKETING_VERSION = 1.0;
				PRODUCT_BUNDLE_IDENTIFIER = ntut.AR;
				PRODUCT_NAME = "$(TARGET_NAME)";
				SWIFT_EMIT_LOC_STRINGS = YES;
				SWIFT_VERSION = 5.0;
				TARGETED_DEVICE_FAMILY = "1,2";
			};
			name = Release;
		};
		A1E4D3C12D94EFEB005839B6 /* Debug */ = {
			isa = XCBuildConfiguration;
			buildSettings = {
				BUNDLE_LOADER = "$(TEST_HOST)";
				CODE_SIGN_STYLE = Automatic;
				CURRENT_PROJECT_VERSION = 1;
				GENERATE_INFOPLIST_FILE = YES;
				IPHONEOS_DEPLOYMENT_TARGET = 18.2;
				MARKETING_VERSION = 1.0;
				PRODUCT_BUNDLE_IDENTIFIER = ntut.ARTests;
				PRODUCT_NAME = "$(TARGET_NAME)";
				SWIFT_EMIT_LOC_STRINGS = NO;
				SWIFT_VERSION = 5.0;
				TARGETED_DEVICE_FAMILY = "1,2";
				TEST_HOST = "$(BUILT_PRODUCTS_DIR)/AR.app/$(BUNDLE_EXECUTABLE_FOLDER_PATH)/AR";
			};
			name = Debug;
		};
		A1E4D3C22D94EFEB005839B6 /* Release */ = {
			isa = XCBuildConfiguration;
			buildSettings = {
				BUNDLE_LOADER = "$(TEST_HOST)";
				CODE_SIGN_STYLE = Automatic;
				CURRENT_PROJECT_VERSION = 1;
				GENERATE_INFOPLIST_FILE = YES;
				IPHONEOS_DEPLOYMENT_TARGET = 18.2;
				MARKETING_VERSION = 1.0;
				PRODUCT_BUNDLE_IDENTIFIER = ntut.ARTests;
				PRODUCT_NAME = "$(TARGET_NAME)";
				SWIFT_EMIT_LOC_STRINGS = NO;
				SWIFT_VERSION = 5.0;
				TARGETED_DEVICE_FAMILY = "1,2";
				TEST_HOST = "$(BUILT_PRODUCTS_DIR)/AR.app/$(BUNDLE_EXECUTABLE_FOLDER_PATH)/AR";
			};
			name = Release;
		};
		A1E4D3C42D94EFEB005839B6 /* Debug */ = {
			isa = XCBuildConfiguration;
			buildSettings = {
				CODE_SIGN_STYLE = Automatic;
				CURRENT_PROJECT_VERSION = 1;
				GENERATE_INFOPLIST_FILE = YES;
				MARKETING_VERSION = 1.0;
				PRODUCT_BUNDLE_IDENTIFIER = ntut.ARUITests;
				PRODUCT_NAME = "$(TARGET_NAME)";
				SWIFT_EMIT_LOC_STRINGS = NO;
				SWIFT_VERSION = 5.0;
				TARGETED_DEVICE_FAMILY = "1,2";
				TEST_TARGET_NAME = AR;
			};
			name = Debug;
		};
		A1E4D3C52D94EFEB005839B6 /* Release */ = {
			isa = XCBuildConfiguration;
			buildSettings = {
				CODE_SIGN_STYLE = Automatic;
				CURRENT_PROJECT_VERSION = 1;
				GENERATE_INFOPLIST_FILE = YES;
				MARKETING_VERSION = 1.0;
				PRODUCT_BUNDLE_IDENTIFIER = ntut.ARUITests;
				PRODUCT_NAME = "$(TARGET_NAME)";
				SWIFT_EMIT_LOC_STRINGS = NO;
				SWIFT_VERSION = 5.0;
				TARGETED_DEVICE_FAMILY = "1,2";
				TEST_TARGET_NAME = AR;
			};
			name = Release;
		};
/* End XCBuildConfiguration section */

/* Begin XCConfigurationList section */
		A1E4D3942D94EFEA005839B6 /* Build configuration list for PBXProject "AR" */ = {
			isa = XCConfigurationList;
			buildConfigurations = (
				A1E4D3BB2D94EFEB005839B6 /* Debug */,
				A1E4D3BC2D94EFEB005839B6 /* Release */,
			);
			defaultConfigurationIsVisible = 0;
			defaultConfigurationName = Release;
		};
		A1E4D3BD2D94EFEB005839B6 /* Build configuration list for PBXNativeTarget "AR" */ = {
			isa = XCConfigurationList;
			buildConfigurations = (
				A1E4D3BE2D94EFEB005839B6 /* Debug */,
				A1E4D3BF2D94EFEB005839B6 /* Release */,
			);
			defaultConfigurationIsVisible = 0;
			defaultConfigurationName = Release;
		};
		A1E4D3C02D94EFEB005839B6 /* Build configuration list for PBXNativeTarget "ARTests" */ = {
			isa = XCConfigurationList;
			buildConfigurations = (
				A1E4D3C12D94EFEB005839B6 /* Debug */,
				A1E4D3C22D94EFEB005839B6 /* Release */,
			);
			defaultConfigurationIsVisible = 0;
			defaultConfigurationName = Release;
		};
		A1E4D3C32D94EFEB005839B6 /* Build configuration list for PBXNativeTarget "ARUITests" */ = {
			isa = XCConfigurationList;
			buildConfigurations = (
				A1E4D3C42D94EFEB005839B6 /* Debug */,
				A1E4D3C52D94EFEB005839B6 /* Release */,
			);
			defaultConfigurationIsVisible = 0;
			defaultConfigurationName = Release;
		};
/* End XCConfigurationList section */

/* Begin XCRemoteSwiftPackageReference section */
		A187B5382DCA468500EECDD6 /* XCRemoteSwiftPackageReference "generative-ai-swift" */ = {
			isa = XCRemoteSwiftPackageReference;
			repositoryURL = "https://github.com/google/generative-ai-swift";
			requirement = {
				kind = upToNextMajorVersion;
				minimumVersion = 0.5.6;
			};
		};
/* End XCRemoteSwiftPackageReference section */

/* Begin XCSwiftPackageProductDependency section */
		A187B5392DCA485600EECDD6 /* GoogleGenerativeAI */ = {
			isa = XCSwiftPackageProductDependency;
			productName = GoogleGenerativeAI;
		};
/* End XCSwiftPackageProductDependency section */
	};
	rootObject = A1E4D3912D94EFEA005839B6 /* Project object */;
}
